
Microsoft Visual Studio Solution File, Format Version 12.00
# Visual Studio 15
VisualStudioVersion = 15.0.28010.2036
MinimumVisualStudioVersion = 10.0.40219.1
Project("{8BC9CEB8-8B4A-11D0-8D11-00A0C91BC942}") = "t40", "t40\t40.vcxproj", "{201C056A-1F8B-470F-8EF0-09153562BB98}"
EndProject
Project("{8BC9CEB8-8B4A-11D0-8D11-00A0C91BC942}") = "t50", "t50\t50.vcxproj", "{577524B6-A1D0-4E39-9669-7A329E2189DA}"
EndProject
Global
	GlobalSection(SolutionConfigurationPlatforms) = preSolution
		Debug|x64 = Debug|x64
		Debug|x86 = Debug|x86
		Release|x64 = Release|x64
		Release|x86 = Release|x86
	EndGlobalSection
	GlobalSection(ProjectConfigurationPlatforms) = postSolution
		{201C056A-1F8B-470F-8EF0-09153562BB98}.Debug|x64.ActiveCfg = Debug|x64
		{201C056A-1F8B-470F-8EF0-09153562BB98}.Debug|x64.Build.0 = Debug|x64
		{201C056A-1F8B-470F-8EF0-09153562BB98}.Debug|x86.ActiveCfg = Debug|Win32
		{201C056A-1F8B-470F-8EF0-09153562BB98}.Debug|x86.Build.0 = Debug|Win32
		{201C056A-1F8B-470F-8EF0-09153562BB98}.Release|x64.ActiveCfg = Release|x64
		{201C056A-1F8B-470F-8EF0-09153562BB98}.Release|x64.Build.0 = Release|x64
		{201C056A-1F8B-470F-8EF0-09153562BB98}.Release|x86.ActiveCfg = Release|Win32
		{201C056A-1F8B-470F-8EF0-09153562BB98}.Release|x86.Build.0 = Release|Win32
		{577524B6-A1D0-4E39-9669-7A329E2189DA}.Debug|x64.ActiveCfg = Debug|x64
		{577524B6-A1D0-4E39-9669-7A329E2189DA}.Debug|x64.Build.0 = Debug|x64
		{577524B6-A1D0-4E39-9669-7A329E2189DA}.Debug|x86.ActiveCfg = Debug|Win32
		{577524B6-A1D0-4E39-9669-7A329E2189DA}.Debug|x86.Build.0 = Debug|Win32
		{577524B6-A1D0-4E39-9669-7A329E2189DA}.Release|x64.ActiveCfg = Release|x64
		{577524B6-A1D0-4E39-9669-7A329E2189DA}.Release|x64.Build.0 = Release|x64
		{577524B6-A1D0-4E39-9669-7A329E2189DA}.Release|x86.ActiveCfg = Release|Win32
		{577524B6-A1D0-4E39-9669-7A329E2189DA}.Release|x86.Build.0 = Release|Win32
	EndGlobalSection
	GlobalSection(SolutionProperties) = preSolution
		HideSolutionNode = FALSE
	EndGlobalSection
	GlobalSection(ExtensibilityGlobals) = postSolution
		SolutionGuid = {1D7EDEAB-F467-476A-BDA0-4C52E0F78C2C}
	EndGlobalSection
EndGlobal
